
Microsoft Visual Studio Solution File, Format Version 12.00
# Visual Studio Version 16
VisualStudioVersion = 16.0.30717.126
MinimumVisualStudioVersion = 10.0.40219.1
Project("{FAE04EC0-301F-11D3-BF4B-00C04F79EFBC}") = "netflixSearch", "netflixSearch.csproj", "{75C95D62-60DF-4E6E-BA29-12606A45F2E7}"
EndProject
Global
	GlobalSection(SolutionConfigurationPlatforms) = preSolution
		Debug|Any CPU = Debug|Any CPU
		Release|Any CPU = Release|Any CPU
	EndGlobalSection
	GlobalSection(ProjectConfigurationPlatforms) = postSolution
		{75C95D62-60DF-4E6E-BA29-12606A45F2E7}.Debug|Any CPU.ActiveCfg = Debug|Any CPU
		{75C95D62-60DF-4E6E-BA29-12606A45F2E7}.Debug|Any CPU.Build.0 = Debug|Any CPU
		{75C95D62-60DF-4E6E-BA29-12606A45F2E7}.Release|Any CPU.ActiveCfg = Release|Any CPU
		{75C95D62-60DF-4E6E-BA29-12606A45F2E7}.Release|Any CPU.Build.0 = Release|Any CPU
	EndGlobalSection
	GlobalSection(SolutionProperties) = preSolution
		HideSolutionNode = FALSE
	EndGlobalSection
	GlobalSection(ExtensibilityGlobals) = postSolution
		SolutionGuid = {121801DB-4AA1-450D-8EC6-6D1FFD6FB91E}
	EndGlobalSection
EndGlobal
